
Microsoft Visual Studio Solution File, Format Version 12.00
# Visual Studio Version 17
VisualStudioVersion = 17.12.35527.113
MinimumVisualStudioVersion = 10.0.40219.1
Project("{FAE04EC0-301F-11D3-BF4B-00C04F79EFBC}") = "HW1Console", "HW1Console\HW1Console.csproj", "{CEDBEE59-CDF6-4A78-8C1E-550BD0418717}"
EndProject
Project("{FAE04EC0-301F-11D3-BF4B-00C04F79EFBC}") = "HW1Library", "HW1Library\HW1Library.csproj", "{75828F85-C922-407B-8405-2C26FAE7C364}"
EndProject
Project("{2150E333-8FDC-42A3-9474-1A3956D46DE8}") = "HW1", "HW1", "{09763D58-8BBF-4C8C-B320-05F5C656E13D}"
EndProject
Project("{2150E333-8FDC-42A3-9474-1A3956D46DE8}") = "HW3", "HW3", "{3F912812-2377-4652-9B83-96C8E6C4F740}"
EndProject
Project("{FAE04EC0-301F-11D3-BF4B-00C04F79EFBC}") = "TMSLesson3Console", "TMSLesson3Console\TMSLesson3Console.csproj", "{EBEC63A8-BE23-4847-8C6E-563BED51A28C}"
EndProject
Project("{FAE04EC0-301F-11D3-BF4B-00C04F79EFBC}") = "TMSLesson3Library", "TMSLesson3Library\TMSLesson3Library.csproj", "{BA27FFF2-530E-46B7-89A2-F98A00C7A622}"
EndProject
Project("{2150E333-8FDC-42A3-9474-1A3956D46DE8}") = "HW5", "HW5", "{ACD30EAE-06CD-4C8B-A585-6824BA29A7F1}"
EndProject
Project("{FAE04EC0-301F-11D3-BF4B-00C04F79EFBC}") = "ConsoleStringMethods", "HW5\ConsoleStringMethods\ConsoleStringMethods.csproj", "{B529DBDF-6657-435C-A870-64027784EC33}"
EndProject
Project("{2150E333-8FDC-42A3-9474-1A3956D46DE8}") = "HW4", "HW4", "{4E93A1F7-0CC8-4DCD-8766-B921B6C0A936}"
EndProject
Project("{FAE04EC0-301F-11D3-BF4B-00C04F79EFBC}") = "2DArrays", "HW4\2DArrays\2DArrays.csproj", "{3964EA6D-1112-40B8-A8F7-8138AEC7C3C1}"
EndProject
Project("{FAE04EC0-301F-11D3-BF4B-00C04F79EFBC}") = "ulearn.me", "HW4\ulearn.me\ulearn.me.csproj", "{B7349FAA-0D0B-48C3-981A-3170A9752219}"
EndProject
Project("{2150E333-8FDC-42A3-9474-1A3956D46DE8}") = "HW7", "HW7", "{CED1722B-344A-458F-BC3A-35626B9FE752}"
EndProject
Project("{FAE04EC0-301F-11D3-BF4B-00C04F79EFBC}") = "OnlineCourseHW7", "HW7\OnlineCourseHW7\OnlineCourseHW7.csproj", "{28BC482C-86B2-406A-9C97-4553A4F4FB92}"
EndProject
Project("{2150E333-8FDC-42A3-9474-1A3956D46DE8}") = "HW6", "HW6", "{AE596D43-9447-4CCF-8132-9C08532A1952}"
EndProject
Project("{FAE04EC0-301F-11D3-BF4B-00C04F79EFBC}") = "Figures", "HW6\Figures\Figures.csproj", "{A61356E4-38DE-4D38-9331-71AC18BFC5AE}"
EndProject
Project("{2150E333-8FDC-42A3-9474-1A3956D46DE8}") = "HW12", "HW12", "{62A396A6-2774-4F40-AED1-EBF8C4CBC5D0}"
EndProject
Project("{FAE04EC0-301F-11D3-BF4B-00C04F79EFBC}") = "HWExceptions", "HWExceptions\HWExceptions.csproj", "{5AF688BE-C99C-47B5-8FCD-3678F7807268}"
EndProject
Project("{FAE04EC0-301F-11D3-BF4B-00C04F79EFBC}") = "HW12ExceptionsTests", "HW12ExceptionsTests\HW12ExceptionsTests.csproj", "{D0BA80F1-9F12-4300-A7F1-87D37F262AF0}"
EndProject
Project("{2150E333-8FDC-42A3-9474-1A3956D46DE8}") = "HW8", "HW8", "{DD512D56-9EF2-4BBB-8B68-C88E2585FE82}"
EndProject
Project("{FAE04EC0-301F-11D3-BF4B-00C04F79EFBC}") = "Animal", "HW8\Animal\Animal.csproj", "{06A52BD9-186A-4BCB-B7B5-E20775F4B137}"
EndProject
Project("{2150E333-8FDC-42A3-9474-1A3956D46DE8}") = "HWGenerics", "HWGenerics", "{C08A6654-7988-4F7A-960A-6C2A08F86FB7}"
EndProject
Project("{FAE04EC0-301F-11D3-BF4B-00C04F79EFBC}") = "Generics", "HWGenerics\Generics\Generics.csproj", "{1CBEF014-8794-485F-97FF-05A579321FC1}"
EndProject
Project("{FAE04EC0-301F-11D3-BF4B-00C04F79EFBC}") = "StackTest", "HWGenerics\StackTest\StackTest.csproj", "{5318A9A0-7AC2-4E17-9CF4-AB69DC748B8D}"
EndProject
Global
	GlobalSection(SolutionConfigurationPlatforms) = preSolution
		Debug|Any CPU = Debug|Any CPU
		Release|Any CPU = Release|Any CPU
	EndGlobalSection
	GlobalSection(ProjectConfigurationPlatforms) = postSolution
		{CEDBEE59-CDF6-4A78-8C1E-550BD0418717}.Debug|Any CPU.ActiveCfg = Debug|Any CPU
		{CEDBEE59-CDF6-4A78-8C1E-550BD0418717}.Debug|Any CPU.Build.0 = Debug|Any CPU
		{CEDBEE59-CDF6-4A78-8C1E-550BD0418717}.Release|Any CPU.ActiveCfg = Release|Any CPU
		{CEDBEE59-CDF6-4A78-8C1E-550BD0418717}.Release|Any CPU.Build.0 = Release|Any CPU
		{75828F85-C922-407B-8405-2C26FAE7C364}.Debug|Any CPU.ActiveCfg = Debug|Any CPU
		{75828F85-C922-407B-8405-2C26FAE7C364}.Debug|Any CPU.Build.0 = Debug|Any CPU
		{75828F85-C922-407B-8405-2C26FAE7C364}.Release|Any CPU.ActiveCfg = Release|Any CPU
		{75828F85-C922-407B-8405-2C26FAE7C364}.Release|Any CPU.Build.0 = Release|Any CPU
		{EBEC63A8-BE23-4847-8C6E-563BED51A28C}.Debug|Any CPU.ActiveCfg = Debug|Any CPU
		{EBEC63A8-BE23-4847-8C6E-563BED51A28C}.Debug|Any CPU.Build.0 = Debug|Any CPU
		{EBEC63A8-BE23-4847-8C6E-563BED51A28C}.Release|Any CPU.ActiveCfg = Release|Any CPU
		{EBEC63A8-BE23-4847-8C6E-563BED51A28C}.Release|Any CPU.Build.0 = Release|Any CPU
		{BA27FFF2-530E-46B7-89A2-F98A00C7A622}.Debug|Any CPU.ActiveCfg = Debug|Any CPU
		{BA27FFF2-530E-46B7-89A2-F98A00C7A622}.Debug|Any CPU.Build.0 = Debug|Any CPU
		{BA27FFF2-530E-46B7-89A2-F98A00C7A622}.Release|Any CPU.ActiveCfg = Release|Any CPU
		{BA27FFF2-530E-46B7-89A2-F98A00C7A622}.Release|Any CPU.Build.0 = Release|Any CPU
		{B529DBDF-6657-435C-A870-64027784EC33}.Debug|Any CPU.ActiveCfg = Debug|Any CPU
		{B529DBDF-6657-435C-A870-64027784EC33}.Debug|Any CPU.Build.0 = Debug|Any CPU
		{B529DBDF-6657-435C-A870-64027784EC33}.Release|Any CPU.ActiveCfg = Release|Any CPU
		{B529DBDF-6657-435C-A870-64027784EC33}.Release|Any CPU.Build.0 = Release|Any CPU
		{3964EA6D-1112-40B8-A8F7-8138AEC7C3C1}.Debug|Any CPU.ActiveCfg = Debug|Any CPU
		{3964EA6D-1112-40B8-A8F7-8138AEC7C3C1}.Debug|Any CPU.Build.0 = Debug|Any CPU
		{3964EA6D-1112-40B8-A8F7-8138AEC7C3C1}.Release|Any CPU.ActiveCfg = Release|Any CPU
		{3964EA6D-1112-40B8-A8F7-8138AEC7C3C1}.Release|Any CPU.Build.0 = Release|Any CPU
		{B7349FAA-0D0B-48C3-981A-3170A9752219}.Debug|Any CPU.ActiveCfg = Debug|Any CPU
		{B7349FAA-0D0B-48C3-981A-3170A9752219}.Debug|Any CPU.Build.0 = Debug|Any CPU
		{B7349FAA-0D0B-48C3-981A-3170A9752219}.Release|Any CPU.ActiveCfg = Release|Any CPU
		{B7349FAA-0D0B-48C3-981A-3170A9752219}.Release|Any CPU.Build.0 = Release|Any CPU
		{28BC482C-86B2-406A-9C97-4553A4F4FB92}.Debug|Any CPU.ActiveCfg = Debug|Any CPU
		{28BC482C-86B2-406A-9C97-4553A4F4FB92}.Debug|Any CPU.Build.0 = Debug|Any CPU
		{28BC482C-86B2-406A-9C97-4553A4F4FB92}.Release|Any CPU.ActiveCfg = Release|Any CPU
		{28BC482C-86B2-406A-9C97-4553A4F4FB92}.Release|Any CPU.Build.0 = Release|Any CPU
		{A61356E4-38DE-4D38-9331-71AC18BFC5AE}.Debug|Any CPU.ActiveCfg = Debug|Any CPU
		{A61356E4-38DE-4D38-9331-71AC18BFC5AE}.Debug|Any CPU.Build.0 = Debug|Any CPU
		{A61356E4-38DE-4D38-9331-71AC18BFC5AE}.Release|Any CPU.ActiveCfg = Release|Any CPU
		{A61356E4-38DE-4D38-9331-71AC18BFC5AE}.Release|Any CPU.Build.0 = Release|Any CPU
		{5AF688BE-C99C-47B5-8FCD-3678F7807268}.Debug|Any CPU.ActiveCfg = Debug|Any CPU
		{5AF688BE-C99C-47B5-8FCD-3678F7807268}.Debug|Any CPU.Build.0 = Debug|Any CPU
		{5AF688BE-C99C-47B5-8FCD-3678F7807268}.Release|Any CPU.ActiveCfg = Release|Any CPU
		{5AF688BE-C99C-47B5-8FCD-3678F7807268}.Release|Any CPU.Build.0 = Release|Any CPU
		{D0BA80F1-9F12-4300-A7F1-87D37F262AF0}.Debug|Any CPU.ActiveCfg = Debug|Any CPU
		{D0BA80F1-9F12-4300-A7F1-87D37F262AF0}.Debug|Any CPU.Build.0 = Debug|Any CPU
		{D0BA80F1-9F12-4300-A7F1-87D37F262AF0}.Release|Any CPU.ActiveCfg = Release|Any CPU
		{D0BA80F1-9F12-4300-A7F1-87D37F262AF0}.Release|Any CPU.Build.0 = Release|Any CPU
		{06A52BD9-186A-4BCB-B7B5-E20775F4B137}.Debug|Any CPU.ActiveCfg = Debug|Any CPU
		{06A52BD9-186A-4BCB-B7B5-E20775F4B137}.Debug|Any CPU.Build.0 = Debug|Any CPU
		{06A52BD9-186A-4BCB-B7B5-E20775F4B137}.Release|Any CPU.ActiveCfg = Release|Any CPU
		{06A52BD9-186A-4BCB-B7B5-E20775F4B137}.Release|Any CPU.Build.0 = Release|Any CPU
		{1CBEF014-8794-485F-97FF-05A579321FC1}.Debug|Any CPU.ActiveCfg = Debug|Any CPU
		{1CBEF014-8794-485F-97FF-05A579321FC1}.Debug|Any CPU.Build.0 = Debug|Any CPU
		{1CBEF014-8794-485F-97FF-05A579321FC1}.Release|Any CPU.ActiveCfg = Release|Any CPU
		{1CBEF014-8794-485F-97FF-05A579321FC1}.Release|Any CPU.Build.0 = Release|Any CPU
		{5318A9A0-7AC2-4E17-9CF4-AB69DC748B8D}.Debug|Any CPU.ActiveCfg = Debug|Any CPU
		{5318A9A0-7AC2-4E17-9CF4-AB69DC748B8D}.Debug|Any CPU.Build.0 = Debug|Any CPU
		{5318A9A0-7AC2-4E17-9CF4-AB69DC748B8D}.Release|Any CPU.ActiveCfg = Release|Any CPU
		{5318A9A0-7AC2-4E17-9CF4-AB69DC748B8D}.Release|Any CPU.Build.0 = Release|Any CPU
	EndGlobalSection
	GlobalSection(SolutionProperties) = preSolution
		HideSolutionNode = FALSE
	EndGlobalSection
	GlobalSection(NestedProjects) = preSolution
		{CEDBEE59-CDF6-4A78-8C1E-550BD0418717} = {09763D58-8BBF-4C8C-B320-05F5C656E13D}
		{75828F85-C922-407B-8405-2C26FAE7C364} = {09763D58-8BBF-4C8C-B320-05F5C656E13D}
		{EBEC63A8-BE23-4847-8C6E-563BED51A28C} = {3F912812-2377-4652-9B83-96C8E6C4F740}
		{BA27FFF2-530E-46B7-89A2-F98A00C7A622} = {3F912812-2377-4652-9B83-96C8E6C4F740}
		{B529DBDF-6657-435C-A870-64027784EC33} = {ACD30EAE-06CD-4C8B-A585-6824BA29A7F1}
		{3964EA6D-1112-40B8-A8F7-8138AEC7C3C1} = {4E93A1F7-0CC8-4DCD-8766-B921B6C0A936}
		{B7349FAA-0D0B-48C3-981A-3170A9752219} = {4E93A1F7-0CC8-4DCD-8766-B921B6C0A936}
		{28BC482C-86B2-406A-9C97-4553A4F4FB92} = {CED1722B-344A-458F-BC3A-35626B9FE752}
		{A61356E4-38DE-4D38-9331-71AC18BFC5AE} = {AE596D43-9447-4CCF-8132-9C08532A1952}
		{5AF688BE-C99C-47B5-8FCD-3678F7807268} = {62A396A6-2774-4F40-AED1-EBF8C4CBC5D0}
		{D0BA80F1-9F12-4300-A7F1-87D37F262AF0} = {62A396A6-2774-4F40-AED1-EBF8C4CBC5D0}
		{06A52BD9-186A-4BCB-B7B5-E20775F4B137} = {DD512D56-9EF2-4BBB-8B68-C88E2585FE82}
		{1CBEF014-8794-485F-97FF-05A579321FC1} = {C08A6654-7988-4F7A-960A-6C2A08F86FB7}
		{5318A9A0-7AC2-4E17-9CF4-AB69DC748B8D} = {C08A6654-7988-4F7A-960A-6C2A08F86FB7}
	EndGlobalSection
EndGlobal
