
Microsoft Visual Studio Solution File, Format Version 12.00
# Visual Studio Version 17
VisualStudioVersion = 17.12.35527.113 d17.12
MinimumVisualStudioVersion = 10.0.40219.1
Project("{FAE04EC0-301F-11D3-BF4B-00C04F79EFBC}") = "HW1Console", "HW1Console\HW1Console.csproj", "{CEDBEE59-CDF6-4A78-8C1E-550BD0418717}"
EndProject
Project("{FAE04EC0-301F-11D3-BF4B-00C04F79EFBC}") = "HW1Library", "HW1Library\HW1Library.csproj", "{75828F85-C922-407B-8405-2C26FAE7C364}"
EndProject
Project("{2150E333-8FDC-42A3-9474-1A3956D46DE8}") = "HW1", "HW1", "{09763D58-8BBF-4C8C-B320-05F5C656E13D}"
EndProject
Project("{2150E333-8FDC-42A3-9474-1A3956D46DE8}") = "HW3", "HW3", "{3F912812-2377-4652-9B83-96C8E6C4F740}"
EndProject
Project("{FAE04EC0-301F-11D3-BF4B-00C04F79EFBC}") = "TMSLesson3Console", "TMSLesson3Console\TMSLesson3Console.csproj", "{EBEC63A8-BE23-4847-8C6E-563BED51A28C}"
EndProject
Project("{FAE04EC0-301F-11D3-BF4B-00C04F79EFBC}") = "TMSLesson3Library", "TMSLesson3Library\TMSLesson3Library.csproj", "{BA27FFF2-530E-46B7-89A2-F98A00C7A622}"
EndProject
Global
	GlobalSection(SolutionConfigurationPlatforms) = preSolution
		Debug|Any CPU = Debug|Any CPU
		Release|Any CPU = Release|Any CPU
	EndGlobalSection
	GlobalSection(ProjectConfigurationPlatforms) = postSolution
		{CEDBEE59-CDF6-4A78-8C1E-550BD0418717}.Debug|Any CPU.ActiveCfg = Debug|Any CPU
		{CEDBEE59-CDF6-4A78-8C1E-550BD0418717}.Debug|Any CPU.Build.0 = Debug|Any CPU
		{CEDBEE59-CDF6-4A78-8C1E-550BD0418717}.Release|Any CPU.ActiveCfg = Release|Any CPU
		{CEDBEE59-CDF6-4A78-8C1E-550BD0418717}.Release|Any CPU.Build.0 = Release|Any CPU
		{75828F85-C922-407B-8405-2C26FAE7C364}.Debug|Any CPU.ActiveCfg = Debug|Any CPU
		{75828F85-C922-407B-8405-2C26FAE7C364}.Debug|Any CPU.Build.0 = Debug|Any CPU
		{75828F85-C922-407B-8405-2C26FAE7C364}.Release|Any CPU.ActiveCfg = Release|Any CPU
		{75828F85-C922-407B-8405-2C26FAE7C364}.Release|Any CPU.Build.0 = Release|Any CPU
		{EBEC63A8-BE23-4847-8C6E-563BED51A28C}.Debug|Any CPU.ActiveCfg = Debug|Any CPU
		{EBEC63A8-BE23-4847-8C6E-563BED51A28C}.Debug|Any CPU.Build.0 = Debug|Any CPU
		{EBEC63A8-BE23-4847-8C6E-563BED51A28C}.Release|Any CPU.ActiveCfg = Release|Any CPU
		{EBEC63A8-BE23-4847-8C6E-563BED51A28C}.Release|Any CPU.Build.0 = Release|Any CPU
		{BA27FFF2-530E-46B7-89A2-F98A00C7A622}.Debug|Any CPU.ActiveCfg = Debug|Any CPU
		{BA27FFF2-530E-46B7-89A2-F98A00C7A622}.Debug|Any CPU.Build.0 = Debug|Any CPU
		{BA27FFF2-530E-46B7-89A2-F98A00C7A622}.Release|Any CPU.ActiveCfg = Release|Any CPU
		{BA27FFF2-530E-46B7-89A2-F98A00C7A622}.Release|Any CPU.Build.0 = Release|Any CPU
	EndGlobalSection
	GlobalSection(SolutionProperties) = preSolution
		HideSolutionNode = FALSE
	EndGlobalSection
	GlobalSection(NestedProjects) = preSolution
		{CEDBEE59-CDF6-4A78-8C1E-550BD0418717} = {09763D58-8BBF-4C8C-B320-05F5C656E13D}
		{75828F85-C922-407B-8405-2C26FAE7C364} = {09763D58-8BBF-4C8C-B320-05F5C656E13D}
		{EBEC63A8-BE23-4847-8C6E-563BED51A28C} = {3F912812-2377-4652-9B83-96C8E6C4F740}
		{BA27FFF2-530E-46B7-89A2-F98A00C7A622} = {3F912812-2377-4652-9B83-96C8E6C4F740}
	EndGlobalSection
EndGlobal
